# This file is generated by running "yarn install" inside your project.
# Manual changes might be lost - proceed with caution!

__metadata:
  version: 8
  cacheKey: 10c0

"@actions/core@npm:^3.0.0":
  version: 3.0.0
  resolution: "@actions/core@npm:3.0.0"
  dependencies:
    "@actions/exec": "npm:^3.0.0"
    "@actions/http-client": "npm:^4.0.0"
  checksum: 10c0/ef204ca270011308c3cdbf7da702c0b8220775ea28aec52ddba696443f11afad6e725f5534110f2ef014382ab807b695bb4dcbf307683a0fc6927b3817871f6c
  languageName: node
  linkType: hard

"@actions/exec@npm:^3.0.0":
  version: 3.0.0
  resolution: "@actions/exec@npm:3.0.0"
  dependencies:
    "@actions/io": "npm:^3.0.2"
  checksum: 10c0/5e4357cd8538ae8d94ffef653559202e7d18db18c5ecccd2c943b4aab989df9cf4e466fcc3c4405887a3c30b88e87b89fb7c7f5b179622d1192525ec891f0274
  languageName: node
  linkType: hard

"@actions/github@npm:^9.0.0":
  version: 9.0.0
  resolution: "@actions/github@npm:9.0.0"
  dependencies:
    "@actions/http-client": "npm:^3.0.2"
    "@octokit/core": "npm:^7.0.6"
    "@octokit/plugin-paginate-rest": "npm:^14.0.0"
    "@octokit/plugin-rest-endpoint-methods": "npm:^17.0.0"
    "@octokit/request": "npm:^10.0.7"
    "@octokit/request-error": "npm:^7.1.0"
    undici: "npm:^6.23.0"
  checksum: 10c0/a4f1b5ea46a93fc477dce6ab600702e5221560f63432b790dd8d0240e86c596a38a6cf4fc23868ee588c1dd18f3c0af1608e17de5f2697a0147ee20e6a538df9
  languageName: node
  linkType: hard

"@actions/http-client@npm:^3.0.2":
  version: 3.0.2
  resolution: "@actions/http-client@npm:3.0.2"
  dependencies:
    tunnel: "npm:^0.0.6"
    undici: "npm:^6.23.0"
  checksum: 10c0/b58eedef5a76d4341edf66cba5df3acb338e420ea1ab5223c3f5d0bf7f5cfaa56d5a5578f8a0b7a9ce50ccc06a0d2bb74aad4abf8bd7b5606b032bbe0b623c92
  languageName: node
  linkType: hard

"@actions/http-client@npm:^4.0.0":
  version: 4.0.0
  resolution: "@actions/http-client@npm:4.0.0"
  dependencies:
    tunnel: "npm:^0.0.6"
    undici: "npm:^6.23.0"
  checksum: 10c0/83a2bcfa50b584584e9ec9f6bcc3872aa0b325214e06dc828b17a853e25c23fec77f3262403fd14a1e4365be5d2e266638f945a5459e3a39425e7c2f1789b31e
  languageName: node
  linkType: hard

"@actions/io@npm:^3.0.2":
  version: 3.0.2
  resolution: "@actions/io@npm:3.0.2"
  checksum: 10c0/25fae323886544f965e90ab9655e3fb60816eb379c78418c4b06a5dc9da27810eb5b0bd0629146dbd5482a03e3c60a5b8713223e4f789abede23df643ddcae8c
  languageName: node
  linkType: hard

"@biomejs/biome@npm:2.4.0":
  version: 2.4.0
  resolution: "@biomejs/biome@npm:2.4.0"
  dependencies:
    "@biomejs/cli-darwin-arm64": "npm:2.4.0"
    "@biomejs/cli-darwin-x64": "npm:2.4.0"
    "@biomejs/cli-linux-arm64": "npm:2.4.0"
    "@biomejs/cli-linux-arm64-musl": "npm:2.4.0"
    "@biomejs/cli-linux-x64": "npm:2.4.0"
    "@biomejs/cli-linux-x64-musl": "npm:2.4.0"
    "@biomejs/cli-win32-arm64": "npm:2.4.0"
    "@biomejs/cli-win32-x64": "npm:2.4.0"
  dependenciesMeta:
    "@biomejs/cli-darwin-arm64":
      optional: true
    "@biomejs/cli-darwin-x64":
      optional: true
    "@biomejs/cli-linux-arm64":
      optional: true
    "@biomejs/cli-linux-arm64-musl":
      optional: true
    "@biomejs/cli-linux-x64":
      optional: true
    "@biomejs/cli-linux-x64-musl":
      optional: true
    "@biomejs/cli-win32-arm64":
      optional: true
    "@biomejs/cli-win32-x64":
      optional: true
  bin:
    biome: bin/biome
  checksum: 10c0/c10de983720ac20df56755f42f48b2b56fcc1082d364193f1410d07b62c4b7c3437abdbc9cfd60f2a65cd0f3baa7abf8d09a85cd6962b1363f77034e877c13b3
  languageName: node
  linkType: hard

"@biomejs/cli-darwin-arm64@npm:2.4.0":
  version: 2.4.0
  resolution: "@biomejs/cli-darwin-arm64@npm:2.4.0"
  conditions: os=darwin & cpu=arm64
  languageName: node
  linkType: hard

"@biomejs/cli-darwin-x64@npm:2.4.0":
  version: 2.4.0
  resolution: "@biomejs/cli-darwin-x64@npm:2.4.0"
  conditions: os=darwin & cpu=x64
  languageName: node
  linkType: hard

"@biomejs/cli-linux-arm64-musl@npm:2.4.0":
  version: 2.4.0
  resolution: "@biomejs/cli-linux-arm64-musl@npm:2.4.0"
  conditions: os=linux & cpu=arm64 & libc=musl
  languageName: node
  linkType: hard

"@biomejs/cli-linux-arm64@npm:2.4.0":
  version: 2.4.0
  resolution: "@biomejs/cli-linux-arm64@npm:2.4.0"
  conditions: os=linux & cpu=arm64 & libc=glibc
  languageName: node
  linkType: hard

"@biomejs/cli-linux-x64-musl@npm:2.4.0":
  version: 2.4.0
  resolution: "@biomejs/cli-linux-x64-musl@npm:2.4.0"
  conditions: os=linux & cpu=x64 & libc=musl
  languageName: node
  linkType: hard

"@biomejs/cli-linux-x64@npm:2.4.0":
  version: 2.4.0
  resolution: "@biomejs/cli-linux-x64@npm:2.4.0"
  conditions: os=linux & cpu=x64 & libc=glibc
  languageName: node
  linkType: hard

"@biomejs/cli-win32-arm64@npm:2.4.0":
  version: 2.4.0
  resolution: "@biomejs/cli-win32-arm64@npm:2.4.0"
  conditions: os=win32 & cpu=arm64
  languageName: node
  linkType: hard

"@biomejs/cli-win32-x64@npm:2.4.0":
  version: 2.4.0
  resolution: "@biomejs/cli-win32-x64@npm:2.4.0"
  conditions: os=win32 & cpu=x64
  languageName: node
  linkType: hard

"@esbuild/aix-ppc64@npm:0.27.3":
  version: 0.27.3
  resolution: "@esbuild/aix-ppc64@npm:0.27.3"
  conditions: os=aix & cpu=ppc64
  languageName: node
  linkType: hard

"@esbuild/android-arm64@npm:0.27.3":
  version: 0.27.3
  resolution: "@esbuild/android-arm64@npm:0.27.3"
  conditions: os=android & cpu=arm64
  languageName: node
  linkType: hard

"@esbuild/android-arm@npm:0.27.3":
  version: 0.27.3
  resolution: "@esbuild/android-arm@npm:0.27.3"
  conditions: os=android & cpu=arm
  languageName: node
  linkType: hard

"@esbuild/android-x64@npm:0.27.3":
  version: 0.27.3
  resolution: "@esbuild/android-x64@npm:0.27.3"
  conditions: os=android & cpu=x64
  languageName: node
  linkType: hard

"@esbuild/darwin-arm64@npm:0.27.3":
  version: 0.27.3
  resolution: "@esbuild/darwin-arm64@npm:0.27.3"
  conditions: os=darwin & cpu=arm64
  languageName: node
  linkType: hard

"@esbuild/darwin-x64@npm:0.27.3":
  version: 0.27.3
  resolution: "@esbuild/darwin-x64@npm:0.27.3"
  conditions: os=darwin & cpu=x64
  languageName: node
  linkType: hard

"@esbuild/freebsd-arm64@npm:0.27.3":
  version: 0.27.3
  resolution: "@esbuild/freebsd-arm64@npm:0.27.3"
  conditions: os=freebsd & cpu=arm64
  languageName: node
  linkType: hard

"@esbuild/freebsd-x64@npm:0.27.3":
  version: 0.27.3
  resolution: "@esbuild/freebsd-x64@npm:0.27.3"
  conditions: os=freebsd & cpu=x64
  languageName: node
  linkType: hard

"@esbuild/linux-arm64@npm:0.27.3":
  version: 0.27.3
  resolution: "@esbuild/linux-arm64@npm:0.27.3"
  conditions: os=linux & cpu=arm64
  languageName: node
  linkType: hard

"@esbuild/linux-arm@npm:0.27.3":
  version: 0.27.3
  resolution: "@esbuild/linux-arm@npm:0.27.3"
  conditions: os=linux & cpu=arm
  languageName: node
  linkType: hard

"@esbuild/linux-ia32@npm:0.27.3":
  version: 0.27.3
  resolution: "@esbuild/linux-ia32@npm:0.27.3"
  conditions: os=linux & cpu=ia32
  languageName: node
  linkType: hard

"@esbuild/linux-loong64@npm:0.27.3":
  version: 0.27.3
  resolution: "@esbuild/linux-loong64@npm:0.27.3"
  conditions: os=linux & cpu=loong64
  languageName: node
  linkType: hard

"@esbuild/linux-mips64el@npm:0.27.3":
  version: 0.27.3
  resolution: "@esbuild/linux-mips64el@npm:0.27.3"
  conditions: os=linux & cpu=mips64el
  languageName: node
  linkType: hard

"@esbuild/linux-ppc64@npm:0.27.3":
  version: 0.27.3
  resolution: "@esbuild/linux-ppc64@npm:0.27.3"
  conditions: os=linux & cpu=ppc64
  languageName: node
  linkType: hard

"@esbuild/linux-riscv64@npm:0.27.3":
  version: 0.27.3
  resolution: "@esbuild/linux-riscv64@npm:0.27.3"
  conditions: os=linux & cpu=riscv64
  languageName: node
  linkType: hard

"@esbuild/linux-s390x@npm:0.27.3":
  version: 0.27.3
  resolution: "@esbuild/linux-s390x@npm:0.27.3"
  conditions: os=linux & cpu=s390x
  languageName: node
  linkType: hard

"@esbuild/linux-x64@npm:0.27.3":
  version: 0.27.3
  resolution: "@esbuild/linux-x64@npm:0.27.3"
  conditions: os=linux & cpu=x64
  languageName: node
  linkType: hard

"@esbuild/netbsd-arm64@npm:0.27.3":
  version: 0.27.3
  resolution: "@esbuild/netbsd-arm64@npm:0.27.3"
  conditions: os=netbsd & cpu=arm64
  languageName: node
  linkType: hard

"@esbuild/netbsd-x64@npm:0.27.3":
  version: 0.27.3
  resolution: "@esbuild/netbsd-x64@npm:0.27.3"
  conditions: os=netbsd & cpu=x64
  languageName: node
  linkType: hard

"@esbuild/openbsd-arm64@npm:0.27.3":
  version: 0.27.3
  resolution: "@esbuild/openbsd-arm64@npm:0.27.3"
  conditions: os=openbsd & cpu=arm64
  languageName: node
  linkType: hard

"@esbuild/openbsd-x64@npm:0.27.3":
  version: 0.27.3
  resolution: "@esbuild/openbsd-x64@npm:0.27.3"
  conditions: os=openbsd & cpu=x64
  languageName: node
  linkType: hard

"@esbuild/openharmony-arm64@npm:0.27.3":
  version: 0.27.3
  resolution: "@esbuild/openharmony-arm64@npm:0.27.3"
  conditions: os=openharmony & cpu=arm64
  languageName: node
  linkType: hard

"@esbuild/sunos-x64@npm:0.27.3":
  version: 0.27.3
  resolution: "@esbuild/sunos-x64@npm:0.27.3"
  conditions: os=sunos & cpu=x64
  languageName: node
  linkType: hard

"@esbuild/win32-arm64@npm:0.27.3":
  version: 0.27.3
  resolution: "@esbuild/win32-arm64@npm:0.27.3"
  conditions: os=win32 & cpu=arm64
  languageName: node
  linkType: hard

"@esbuild/win32-ia32@npm:0.27.3":
  version: 0.27.3
  resolution: "@esbuild/win32-ia32@npm:0.27.3"
  conditions: os=win32 & cpu=ia32
  languageName: node
  linkType: hard

"@esbuild/win32-x64@npm:0.27.3":
  version: 0.27.3
  resolution: "@esbuild/win32-x64@npm:0.27.3"
  conditions: os=win32 & cpu=x64
  languageName: node
  linkType: hard

"@octokit/app@npm:^16.1.2":
  version: 16.1.2
  resolution: "@octokit/app@npm:16.1.2"
  dependencies:
    "@octokit/auth-app": "npm:^8.1.2"
    "@octokit/auth-unauthenticated": "npm:^7.0.3"
    "@octokit/core": "npm:^7.0.6"
    "@octokit/oauth-app": "npm:^8.0.3"
    "@octokit/plugin-paginate-rest": "npm:^14.0.0"
    "@octokit/types": "npm:^16.0.0"
    "@octokit/webhooks": "npm:^14.0.0"
  checksum: 10c0/64d5f2c5b126c3bac71d11d6394f2b1c2ffa3880496b492b0a175695b83066fcbe857d2c1e72540b646cf85c57b6162cd2a4cad9b05012ea8de17109f2928473
  languageName: node
  linkType: hard

"@octokit/auth-app@npm:^8.1.2":
  version: 8.2.0
  resolution: "@octokit/auth-app@npm:8.2.0"
  dependencies:
    "@octokit/auth-oauth-app": "npm:^9.0.3"
    "@octokit/auth-oauth-user": "npm:^6.0.2"
    "@octokit/request": "npm:^10.0.6"
    "@octokit/request-error": "npm:^7.0.2"
    "@octokit/types": "npm:^16.0.0"
    toad-cache: "npm:^3.7.0"
    universal-github-app-jwt: "npm:^2.2.0"
    universal-user-agent: "npm:^7.0.0"
  checksum: 10c0/7f1b113c9f2ef4d0aac06ffb0b1930a256c6a8985744c709c36fe8c4565c5c184de742de4c4a52e4d9f25baef00c9b855732cfaeb81db8abe238d6c2ee54d6d6
  languageName: node
  linkType: hard

"@octokit/auth-oauth-app@npm:^9.0.2, @octokit/auth-oauth-app@npm:^9.0.3":
  version: 9.0.3
  resolution: "@octokit/auth-oauth-app@npm:9.0.3"
  dependencies:
    "@octokit/auth-oauth-device": "npm:^8.0.3"
    "@octokit/auth-oauth-user": "npm:^6.0.2"
    "@octokit/request": "npm:^10.0.6"
    "@octokit/types": "npm:^16.0.0"
    universal-user-agent: "npm:^7.0.0"
  checksum: 10c0/1b47dc2a6ea480c04cc3b03d03f4836916ef666047b639c78134d49bbf9fb112a0610021aa017abaa30d8a63a5e66117b3d2b3a4d3976d10153bd5efef54da8b
  languageName: node
  linkType: hard

"@octokit/auth-oauth-device@npm:^8.0.3":
  version: 8.0.3
  resolution: "@octokit/auth-oauth-device@npm:8.0.3"
  dependencies:
    "@octokit/oauth-methods": "npm:^6.0.2"
    "@octokit/request": "npm:^10.0.6"
    "@octokit/types": "npm:^16.0.0"
    universal-user-agent: "npm:^7.0.0"
  checksum: 10c0/2c43d131fbd0b60abef5f37e6168e31f5ec1b8361bac1d71c19499e1960e5e00957c54db9836d88754b467ad48c4e15f60409b0d66dc740468c49834e787e971
  languageName: node
  linkType: hard

"@octokit/auth-oauth-user@npm:^6.0.1, @octokit/auth-oauth-user@npm:^6.0.2":
  version: 6.0.2
  resolution: "@octokit/auth-oauth-user@npm:6.0.2"
  dependencies:
    "@octokit/auth-oauth-device": "npm:^8.0.3"
    "@octokit/oauth-methods": "npm:^6.0.2"
    "@octokit/request": "npm:^10.0.6"
    "@octokit/types": "npm:^16.0.0"
    universal-user-agent: "npm:^7.0.0"
  checksum: 10c0/7af66189e7c0b19c456462d571f61ac787d8464554375b12ded245d0d209a7a0f873f9189d7a3e9afef8aa59eb268c573f8e98b0ee683ebf0989625c20e2125a
  languageName: node
  linkType: hard

"@octokit/auth-token@npm:^6.0.0":
  version: 6.0.0
  resolution: "@octokit/auth-token@npm:6.0.0"
  checksum: 10c0/32ecc904c5f6f4e5d090bfcc679d70318690c0a0b5040cd9a25811ad9dcd44c33f2cf96b6dbee1cd56cf58fde28fb1819c01b58718aa5c971f79c822357cb5c0
  languageName: node
  linkType: hard

"@octokit/auth-unauthenticated@npm:^7.0.2, @octokit/auth-unauthenticated@npm:^7.0.3":
  version: 7.0.3
  resolution: "@octokit/auth-unauthenticated@npm:7.0.3"
  dependencies:
    "@octokit/request-error": "npm:^7.0.2"
    "@octokit/types": "npm:^16.0.0"
  checksum: 10c0/7e20ec86314e881201d37283edbf83f4dd8210df74d6bab1273961e2f18064144ea970f18a678dda8cc4396a5128499efda45e81a848fc770836872049d6218f
  languageName: node
  linkType: hard

"@octokit/core@npm:^7.0.5, @octokit/core@npm:^7.0.6":
  version: 7.0.6
  resolution: "@octokit/core@npm:7.0.6"
  dependencies:
    "@octokit/auth-token": "npm:^6.0.0"
    "@octokit/graphql": "npm:^9.0.3"
    "@octokit/request": "npm:^10.0.6"
    "@octokit/request-error": "npm:^7.0.2"
    "@octokit/types": "npm:^16.0.0"
    before-after-hook: "npm:^4.0.0"
    universal-user-agent: "npm:^7.0.0"
  checksum: 10c0/95a328ff7c7223d9eb4aa778c63171828514ae0e0f588d33beb81a4dc03bbeae055382f6060ce23c979ab46272409942ff2cf3172109999e48429c47055b1fbe
  languageName: node
  linkType: hard

"@octokit/endpoint@npm:^11.0.2":
  version: 11.0.2
  resolution: "@octokit/endpoint@npm:11.0.2"
  dependencies:
    "@octokit/types": "npm:^16.0.0"
    universal-user-agent: "npm:^7.0.2"
  checksum: 10c0/878ac12fbccff772968689b4744590677c5a3f12bebe31544832c84761bf1c6be521e8a3af07abffc9455a74dd4d1f350d714fc46fd7ce14a0a2b5f2d4e3a84c
  languageName: node
  linkType: hard

"@octokit/graphql@npm:^9.0.3":
  version: 9.0.3
  resolution: "@octokit/graphql@npm:9.0.3"
  dependencies:
    "@octokit/request": "npm:^10.0.6"
    "@octokit/types": "npm:^16.0.0"
    universal-user-agent: "npm:^7.0.0"
  checksum: 10c0/58588d3fb2834f64244fa5376ca7922a30117b001b621e141fab0d52806370803ab0c046ac99b120fa5f45b770f52a815157fb6ffc147fc6c1da4047c1f1af49
  languageName: node
  linkType: hard

"@octokit/oauth-app@npm:^8.0.3":
  version: 8.0.3
  resolution: "@octokit/oauth-app@npm:8.0.3"
  dependencies:
    "@octokit/auth-oauth-app": "npm:^9.0.2"
    "@octokit/auth-oauth-user": "npm:^6.0.1"
    "@octokit/auth-unauthenticated": "npm:^7.0.2"
    "@octokit/core": "npm:^7.0.5"
    "@octokit/oauth-authorization-url": "npm:^8.0.0"
    "@octokit/oauth-methods": "npm:^6.0.1"
    "@types/aws-lambda": "npm:^8.10.83"
    universal-user-agent: "npm:^7.0.0"
  checksum: 10c0/7bb064bfe21a6db45b57f8f5e5ecd533e802c0073d293b1c75abf264d9bc0fc952492757ea5af516207af4ec781cf793cb37e8cbbb3a8df691592bc25c364644
  languageName: node
  linkType: hard

"@octokit/oauth-authorization-url@npm:^8.0.0":
  version: 8.0.0
  resolution: "@octokit/oauth-authorization-url@npm:8.0.0"
  checksum: 10c0/ab4964bebd8d076f945a2f3210a8a0a221a408362569d9fc2f49875ad06e594365f5fd871dac08d820793f687bff50237f7acf40d9d39c5f9de7575b6f4bad93
  languageName: node
  linkType: hard

"@octokit/oauth-methods@npm:^6.0.1, @octokit/oauth-methods@npm:^6.0.2":
  version: 6.0.2
  resolution: "@octokit/oauth-methods@npm:6.0.2"
  dependencies:
    "@octokit/oauth-authorization-url": "npm:^8.0.0"
    "@octokit/request": "npm:^10.0.6"
    "@octokit/request-error": "npm:^7.0.2"
    "@octokit/types": "npm:^16.0.0"
  checksum: 10c0/51d2f3218839ce37609e6e0adc274efcc198bdcae57ef3ecf3ada95f6f30dcc3052f6db34e4aa3a1bc94545d7025baa44058d5c044fdd6bdd83562eb9b8510c2
  languageName: node
  linkType: hard

"@octokit/openapi-types@npm:^27.0.0":
  version: 27.0.0
  resolution: "@octokit/openapi-types@npm:27.0.0"
  checksum: 10c0/602d1de033da180a2e982cdbd3646bd5b2e16ecf36b9955a0f23e37ae9e6cb086abb48ff2ae6f2de000fce03e8ae9051794611ae4a95a8f5f6fb63276e7b8e31
  languageName: node
  linkType: hard

"@octokit/openapi-webhooks-types@npm:12.1.0":
  version: 12.1.0
  resolution: "@octokit/openapi-webhooks-types@npm:12.1.0"
  checksum: 10c0/0352ee895f849d16e8a33e8474fc87d7c0c117fcd72d3e03271232d82ed9f648ca252737e6453f3cd5919c9a2b92fb048327d306d761d4d750c2eee8eca3669f
  languageName: node
  linkType: hard

"@octokit/plugin-paginate-graphql@npm:^6.0.0":
  version: 6.0.0
  resolution: "@octokit/plugin-paginate-graphql@npm:6.0.0"
  peerDependencies:
    "@octokit/core": ">=6"
  checksum: 10c0/354553741317a8a5977dffdf26ddeb767f3c67266a18a5d5e3e5c31fbc118f157ed726f43f998c1aad4bfa704312ce11a4f3e7b681e863245eac8afcac2c5861
  languageName: node
  linkType: hard

"@octokit/plugin-paginate-rest@npm:^14.0.0":
  version: 14.0.0
  resolution: "@octokit/plugin-paginate-rest@npm:14.0.0"
  dependencies:
    "@octokit/types": "npm:^16.0.0"
  peerDependencies:
    "@octokit/core": ">=6"
  checksum: 10c0/841d79d4ccfe18fc809a4a67529b75c1dcdda13399bf4bf5b48ce7559c8b4b2cd422e3204bad4cbdea31c0cf0943521067415268e5bcfc615a3b813e058cad6b
  languageName: node
  linkType: hard

"@octokit/plugin-rest-endpoint-methods@npm:^17.0.0":
  version: 17.0.0
  resolution: "@octokit/plugin-rest-endpoint-methods@npm:17.0.0"
  dependencies:
    "@octokit/types": "npm:^16.0.0"
  peerDependencies:
    "@octokit/core": ">=6"
  checksum: 10c0/cf9984d7cf6a36ff7ff1b86078ae45fe246e3df10fcef0bccf20c8cfd27bf5e7d98dcb9cf5a7b56332b9c6fa30be28d159c2987d272a4758f77056903d94402f
  languageName: node
  linkType: hard

"@octokit/plugin-retry@npm:^8.0.3":
  version: 8.0.3
  resolution: "@octokit/plugin-retry@npm:8.0.3"
  dependencies:
    "@octokit/request-error": "npm:^7.0.2"
    "@octokit/types": "npm:^16.0.0"
    bottleneck: "npm:^2.15.3"
  peerDependencies:
    "@octokit/core": ">=7"
  checksum: 10c0/24d35d85f750f9e3e52f63b8ddd8fc8aa7bdd946c77b9ea4d6894d026c5c2c69109e8de3880a9970c906f624eb777c7d0c0a2072e6d41dadc7b36cce104b978c
  languageName: node
  linkType: hard

"@octokit/plugin-throttling@npm:^11.0.3":
  version: 11.0.3
  resolution: "@octokit/plugin-throttling@npm:11.0.3"
  dependencies:
    "@octokit/types": "npm:^16.0.0"
    bottleneck: "npm:^2.15.3"
  peerDependencies:
    "@octokit/core": ^7.0.0
  checksum: 10c0/5c7cc386962b6d2881ac769f57b28c28622d18e3dbe2f7600dfdfda0a98b56a95f69d831902b647ad023574921cc801b78aa54563fdb3f465ac8c883aaf6cbe3
  languageName: node
  linkType: hard

"@octokit/request-error@npm:^7.0.0, @octokit/request-error@npm:^7.0.2, @octokit/request-error@npm:^7.1.0":
  version: 7.1.0
  resolution: "@octokit/request-error@npm:7.1.0"
  dependencies:
    "@octokit/types": "npm:^16.0.0"
  checksum: 10c0/62b90a54545c36a30b5ffdda42e302c751be184d85b68ffc7f1242c51d7ca54dbd185b7d0027b491991776923a910c85c9c51269fe0d86111bac187507a5abc4
  languageName: node
  linkType: hard

"@octokit/request@npm:^10.0.6, @octokit/request@npm:^10.0.7":
  version: 10.0.7
  resolution: "@octokit/request@npm:10.0.7"
  dependencies:
    "@octokit/endpoint": "npm:^11.0.2"
    "@octokit/request-error": "npm:^7.0.2"
    "@octokit/types": "npm:^16.0.0"
    fast-content-type-parse: "npm:^3.0.0"
    universal-user-agent: "npm:^7.0.2"
  checksum: 10c0/f789a75bf681b204ccd3d538921db662e148ed980005158d80ec4f16811e9ab73f375d4f30ef697852abd748a62f025060ea1b0c5198ec9c2e8d04e355064390
  languageName: node
  linkType: hard

"@octokit/types@npm:^16.0.0":
  version: 16.0.0
  resolution: "@octokit/types@npm:16.0.0"
  dependencies:
    "@octokit/openapi-types": "npm:^27.0.0"
  checksum: 10c0/b8d41098ba6fc194d13d641f9441347e3a3b96c0efabac0e14f57319340a2d4d1c8676e4cb37ab3062c5c323c617e790b0126916e9bf7b201b0cced0826f8ae2
  languageName: node
  linkType: hard

"@octokit/webhooks-methods@npm:^6.0.0":
  version: 6.0.0
  resolution: "@octokit/webhooks-methods@npm:6.0.0"
  checksum: 10c0/7f10740e838d65c78e859bb041499cca69df7831e9f633ee70a46ca8e53d0844f2c84500df204453d171c8c3c0f8eb8b68716ee1d5c95e3cf5d09690f32e13e1
  languageName: node
  linkType: hard

"@octokit/webhooks@npm:^14.0.0":
  version: 14.2.0
  resolution: "@octokit/webhooks@npm:14.2.0"
  dependencies:
    "@octokit/openapi-webhooks-types": "npm:12.1.0"
    "@octokit/request-error": "npm:^7.0.0"
    "@octokit/webhooks-methods": "npm:^6.0.0"
  checksum: 10c0/0d0dcbd90d752aab9a390fba01237009c8fd3d58d7f39d9f46446e9de27bb83a8fcee07a3e3ed39e5020f945d76f1f7cbef2285d8ccff2bfa03dfd6eb03d1182
  languageName: node
  linkType: hard

"@types/aws-lambda@npm:^8.10.83":
  version: 8.10.149
  resolution: "@types/aws-lambda@npm:8.10.149"
  checksum: 10c0/9ef41214a1b69fa30d89cab575429793f1ccc49cfe3a7aa75228aef31a202bb6d2c306a5b33def61ef29e0d0a1a324412bf6a4fa5a615e61117685584a394047
  languageName: node
  linkType: hard

"@types/node@npm:^25.2.3":
  version: 25.2.3
  resolution: "@types/node@npm:25.2.3"
  dependencies:
    undici-types: "npm:~7.16.0"
  checksum: 10c0/925833029ce0bb4a72c36f90b93287184d3511aeb0fa60a994ae94b5430c22f9be6693d67d210df79267cb54c6f6978caaefb149d99ab5f83af5827ba7cb9822
  languageName: node
  linkType: hard

"ajv@npm:^8.18.0":
  version: 8.18.0
  resolution: "ajv@npm:8.18.0"
  dependencies:
    fast-deep-equal: "npm:^3.1.3"
    fast-uri: "npm:^3.0.1"
    json-schema-traverse: "npm:^1.0.0"
    require-from-string: "npm:^2.0.2"
  checksum: 10c0/e7517c426173513a07391be951879932bdf3348feaebd2199f5b901c20f99d60db8cd1591502d4d551dc82f594e82a05c4fe1c70139b15b8937f7afeaed9532f
  languageName: node
  linkType: hard

"allowlist-action@workspace:.":
  version: 0.0.0-use.local
  resolution: "allowlist-action@workspace:."
  dependencies:
    "@actions/core": "npm:^3.0.0"
    "@actions/github": "npm:^9.0.0"
    "@biomejs/biome": "npm:2.4.0"
    "@octokit/plugin-throttling": "npm:^11.0.3"
    "@types/node": "npm:^25.2.3"
    ajv: "npm:^8.18.0"
    esbuild: "npm:0.27.3"
    octokit: "npm:^5.0.5"
    typescript: "npm:^5.9.3"
    yaml: "npm:^2.8.2"
  languageName: unknown
  linkType: soft

"before-after-hook@npm:^4.0.0":
  version: 4.0.0
  resolution: "before-after-hook@npm:4.0.0"
  checksum: 10c0/9f8ae8d1b06142bcfb9ef6625226b5e50348bb11210f266660eddcf9734e0db6f9afc4cb48397ee3f5ac0a3728f3ae401cdeea88413f7bed748a71db84657be2
  languageName: node
  linkType: hard

"bottleneck@npm:^2.15.3":
  version: 2.19.5
  resolution: "bottleneck@npm:2.19.5"
  checksum: 10c0/b0f72e45b2e0f56a21ba720183f16bef8e693452fb0495d997fa354e42904353a94bd8fd429868e6751bc85e54b6755190519eed5a0ae0a94a5185209ae7c6d0
  languageName: node
  linkType: hard

"esbuild@npm:0.27.3":
  version: 0.27.3
  resolution: "esbuild@npm:0.27.3"
  dependencies:
    "@esbuild/aix-ppc64": "npm:0.27.3"
    "@esbuild/android-arm": "npm:0.27.3"
    "@esbuild/android-arm64": "npm:0.27.3"
    "@esbuild/android-x64": "npm:0.27.3"
    "@esbuild/darwin-arm64": "npm:0.27.3"
    "@esbuild/darwin-x64": "npm:0.27.3"
    "@esbuild/freebsd-arm64": "npm:0.27.3"
    "@esbuild/freebsd-x64": "npm:0.27.3"
    "@esbuild/linux-arm": "npm:0.27.3"
    "@esbuild/linux-arm64": "npm:0.27.3"
    "@esbuild/linux-ia32": "npm:0.27.3"
    "@esbuild/linux-loong64": "npm:0.27.3"
    "@esbuild/linux-mips64el": "npm:0.27.3"
    "@esbuild/linux-ppc64": "npm:0.27.3"
    "@esbuild/linux-riscv64": "npm:0.27.3"
    "@esbuild/linux-s390x": "npm:0.27.3"
    "@esbuild/linux-x64": "npm:0.27.3"
    "@esbuild/netbsd-arm64": "npm:0.27.3"
    "@esbuild/netbsd-x64": "npm:0.27.3"
    "@esbuild/openbsd-arm64": "npm:0.27.3"
    "@esbuild/openbsd-x64": "npm:0.27.3"
    "@esbuild/openharmony-arm64": "npm:0.27.3"
    "@esbuild/sunos-x64": "npm:0.27.3"
    "@esbuild/win32-arm64": "npm:0.27.3"
    "@esbuild/win32-ia32": "npm:0.27.3"
    "@esbuild/win32-x64": "npm:0.27.3"
  dependenciesMeta:
    "@esbuild/aix-ppc64":
      optional: true
    "@esbuild/android-arm":
      optional: true
    "@esbuild/android-arm64":
      optional: true
    "@esbuild/android-x64":
      optional: true
    "@esbuild/darwin-arm64":
      optional: true
    "@esbuild/darwin-x64":
      optional: true
    "@esbuild/freebsd-arm64":
      optional: true
    "@esbuild/freebsd-x64":
      optional: true
    "@esbuild/linux-arm":
      optional: true
    "@esbuild/linux-arm64":
      optional: true
    "@esbuild/linux-ia32":
      optional: true
    "@esbuild/linux-loong64":
      optional: true
    "@esbuild/linux-mips64el":
      optional: true
    "@esbuild/linux-ppc64":
      optional: true
    "@esbuild/linux-riscv64":
      optional: true
    "@esbuild/linux-s390x":
      optional: true
    "@esbuild/linux-x64":
      optional: true
    "@esbuild/netbsd-arm64":
      optional: true
    "@esbuild/netbsd-x64":
      optional: true
    "@esbuild/openbsd-arm64":
      optional: true
    "@esbuild/openbsd-x64":
      optional: true
    "@esbuild/openharmony-arm64":
      optional: true
    "@esbuild/sunos-x64":
      optional: true
    "@esbuild/win32-arm64":
      optional: true
    "@esbuild/win32-ia32":
      optional: true
    "@esbuild/win32-x64":
      optional: true
  bin:
    esbuild: bin/esbuild
  checksum: 10c0/fdc3f87a3f08b3ef98362f37377136c389a0d180fda4b8d073b26ba930cf245521db0a368f119cc7624bc619248fff1439f5811f062d853576f8ffa3df8ee5f1
  languageName: node
  linkType: hard

"fast-content-type-parse@npm:^3.0.0":
  version: 3.0.0
  resolution: "fast-content-type-parse@npm:3.0.0"
  checksum: 10c0/06251880c83b7118af3a5e66e8bcee60d44f48b39396fc60acc2b4630bd5f3e77552b999b5c8e943d45a818854360e5e97164c374ec4b562b4df96a2cdf2e188
  languageName: node
  linkType: hard

"fast-deep-equal@npm:^3.1.3":
  version: 3.1.3
  resolution: "fast-deep-equal@npm:3.1.3"
  checksum: 10c0/40dedc862eb8992c54579c66d914635afbec43350afbbe991235fdcb4e3a8d5af1b23ae7e79bef7d4882d0ecee06c3197488026998fb19f72dc95acff1d1b1d0
  languageName: node
  linkType: hard

"fast-uri@npm:^3.0.1":
  version: 3.0.6
  resolution: "fast-uri@npm:3.0.6"
  checksum: 10c0/74a513c2af0584448aee71ce56005185f81239eab7a2343110e5bad50c39ad4fb19c5a6f99783ead1cac7ccaf3461a6034fda89fffa2b30b6d99b9f21c2f9d29
  languageName: node
  linkType: hard

"json-schema-traverse@npm:^1.0.0":
  version: 1.0.0
  resolution: "json-schema-traverse@npm:1.0.0"
  checksum: 10c0/71e30015d7f3d6dc1c316d6298047c8ef98a06d31ad064919976583eb61e1018a60a0067338f0f79cabc00d84af3fcc489bd48ce8a46ea165d9541ba17fb30c6
  languageName: node
  linkType: hard

"octokit@npm:^5.0.5":
  version: 5.0.5
  resolution: "octokit@npm:5.0.5"
  dependencies:
    "@octokit/app": "npm:^16.1.2"
    "@octokit/core": "npm:^7.0.6"
    "@octokit/oauth-app": "npm:^8.0.3"
    "@octokit/plugin-paginate-graphql": "npm:^6.0.0"
    "@octokit/plugin-paginate-rest": "npm:^14.0.0"
    "@octokit/plugin-rest-endpoint-methods": "npm:^17.0.0"
    "@octokit/plugin-retry": "npm:^8.0.3"
    "@octokit/plugin-throttling": "npm:^11.0.3"
    "@octokit/request-error": "npm:^7.0.2"
    "@octokit/types": "npm:^16.0.0"
    "@octokit/webhooks": "npm:^14.0.0"
  checksum: 10c0/34dd8222468c6b34afb34157588628075f8cc2e9005c060daa9d045ad9cec141bf79b59793c20404bee7e35739f238e77b11e924760b95ac101dd1bdeb2bb0e1
  languageName: node
  linkType: hard

"require-from-string@npm:^2.0.2":
  version: 2.0.2
  resolution: "require-from-string@npm:2.0.2"
  checksum: 10c0/aaa267e0c5b022fc5fd4eef49d8285086b15f2a1c54b28240fdf03599cbd9c26049fee3eab894f2e1f6ca65e513b030a7c264201e3f005601e80c49fb2937ce2
  languageName: node
  linkType: hard

"toad-cache@npm:^3.7.0":
  version: 3.7.0
  resolution: "toad-cache@npm:3.7.0"
  checksum: 10c0/7dae2782ee20b22c9798bb8b71dec7ec6a0091021d2ea9dd6e8afccab6b65b358fdba49a02209fac574499702e2c000660721516c87c2538d1b2c0ba03e8c0c3
  languageName: node
  linkType: hard

"tunnel@npm:^0.0.6":
  version: 0.0.6
  resolution: "tunnel@npm:0.0.6"
  checksum: 10c0/e27e7e896f2426c1c747325b5f54efebc1a004647d853fad892b46d64e37591ccd0b97439470795e5262b5c0748d22beb4489a04a0a448029636670bfd801b75
  languageName: node
  linkType: hard

"typescript@npm:^5.9.3":
  version: 5.9.3
  resolution: "typescript@npm:5.9.3"
  bin:
    tsc: bin/tsc
    tsserver: bin/tsserver
  checksum: 10c0/6bd7552ce39f97e711db5aa048f6f9995b53f1c52f7d8667c1abdc1700c68a76a308f579cd309ce6b53646deb4e9a1be7c813a93baaf0a28ccd536a30270e1c5
  languageName: node
  linkType: hard

"typescript@patch:typescript@npm%3A^5.9.3#optional!builtin<compat/typescript>":
  version: 5.9.3
  resolution: "typescript@patch:typescript@npm%3A5.9.3#optional!builtin<compat/typescript>::version=5.9.3&hash=5786d5"
  bin:
    tsc: bin/tsc
    tsserver: bin/tsserver
  checksum: 10c0/ad09fdf7a756814dce65bc60c1657b40d44451346858eea230e10f2e95a289d9183b6e32e5c11e95acc0ccc214b4f36289dcad4bf1886b0adb84d711d336a430
  languageName: node
  linkType: hard

"undici-types@npm:~7.16.0":
  version: 7.16.0
  resolution: "undici-types@npm:7.16.0"
  checksum: 10c0/3033e2f2b5c9f1504bdc5934646cb54e37ecaca0f9249c983f7b1fc2e87c6d18399ebb05dc7fd5419e02b2e915f734d872a65da2e3eeed1813951c427d33cc9a
  languageName: node
  linkType: hard

"undici@npm:^6.23.0":
  version: 6.23.0
  resolution: "undici@npm:6.23.0"
  checksum: 10c0/d846b3fdfd05aa6081ba1eab5db6bbc21b283042c7a43722b86d1ee2bf749d7c990ceac0c809f9a07ffd88b1b0f4c0f548a8362c035088cb1997d63abdda499c
  languageName: node
  linkType: hard

"universal-github-app-jwt@npm:^2.2.0":
  version: 2.2.2
  resolution: "universal-github-app-jwt@npm:2.2.2"
  checksum: 10c0/7ae5f031fb89c01a4407459b764c5e6341d725d436e1ceec161f9b754dd4883d9704cc8de53d5b6314b7e1bef8dbc7561799fc23001e706f213d468c17026fb6
  languageName: node
  linkType: hard

"universal-user-agent@npm:^7.0.0, universal-user-agent@npm:^7.0.2":
  version: 7.0.3
  resolution: "universal-user-agent@npm:7.0.3"
  checksum: 10c0/6043be466a9bb96c0ce82392842d9fddf4c37e296f7bacc2cb25f47123990eb436c82df824644f9c5070a94dbdb117be17f66d54599ab143648ec57ef93dbcc8
  languageName: node
  linkType: hard

"yaml@npm:^2.8.2":
  version: 2.8.2
  resolution: "yaml@npm:2.8.2"
  bin:
    yaml: bin.mjs
  checksum: 10c0/703e4dc1e34b324aa66876d63618dcacb9ed49f7e7fe9b70f1e703645be8d640f68ab84f12b86df8ac960bac37acf5513e115de7c970940617ce0343c8c9cd96
  languageName: node
  linkType: hard
